
Microsoft Visual Studio Solution File, Format Version 12.00
# Visual Studio Version 17
VisualStudioVersion = 17.0.31903.59
MinimumVisualStudioVersion = 10.0.40219.1
Project("{FAE04EC0-301F-11D3-BF4B-00C04F79EFBC}") = "Calculadora", "Calculadora\Calculadora.csproj", "{8DEADA03-22CE-49C2-B0DC-9BA39D57B9BD}"
EndProject
Project("{FAE04EC0-301F-11D3-BF4B-00C04F79EFBC}") = "CalculadoraTestes", "CalculadoraTestes\CalculadoraTestes.csproj", "{2BA15E27-4E8C-4993-AF5D-BE0AA5F27478}"
EndProject
Global
	GlobalSection(SolutionConfigurationPlatforms) = preSolution
		Debug|Any CPU = Debug|Any CPU
		Release|Any CPU = Release|Any CPU
	EndGlobalSection
	GlobalSection(SolutionProperties) = preSolution
		HideSolutionNode = FALSE
	EndGlobalSection
	GlobalSection(ProjectConfigurationPlatforms) = postSolution
		{8DEADA03-22CE-49C2-B0DC-9BA39D57B9BD}.Debug|Any CPU.ActiveCfg = Debug|Any CPU
		{8DEADA03-22CE-49C2-B0DC-9BA39D57B9BD}.Debug|Any CPU.Build.0 = Debug|Any CPU
		{8DEADA03-22CE-49C2-B0DC-9BA39D57B9BD}.Release|Any CPU.ActiveCfg = Release|Any CPU
		{8DEADA03-22CE-49C2-B0DC-9BA39D57B9BD}.Release|Any CPU.Build.0 = Release|Any CPU
		{2BA15E27-4E8C-4993-AF5D-BE0AA5F27478}.Debug|Any CPU.ActiveCfg = Debug|Any CPU
		{2BA15E27-4E8C-4993-AF5D-BE0AA5F27478}.Debug|Any CPU.Build.0 = Debug|Any CPU
		{2BA15E27-4E8C-4993-AF5D-BE0AA5F27478}.Release|Any CPU.ActiveCfg = Release|Any CPU
		{2BA15E27-4E8C-4993-AF5D-BE0AA5F27478}.Release|Any CPU.Build.0 = Release|Any CPU
	EndGlobalSection
EndGlobal
